
Microsoft Visual Studio Solution File, Format Version 12.00
# Visual Studio Version 16
VisualStudioVersion = 16.0.29609.76
MinimumVisualStudioVersion = 10.0.40219.1
Project("{FAE04EC0-301F-11D3-BF4B-00C04F79EFBC}") = "IMADA_Force_Measure", "IMADA_Force_Measure\IMADA_Force_Measure.csproj", "{16648E93-F026-4ECA-9634-57F7BEC5A237}"
EndProject
Global
	GlobalSection(SolutionConfigurationPlatforms) = preSolution
		Debug|Any CPU = Debug|Any CPU
		Release|Any CPU = Release|Any CPU
	EndGlobalSection
	GlobalSection(ProjectConfigurationPlatforms) = postSolution
		{16648E93-F026-4ECA-9634-57F7BEC5A237}.Debug|Any CPU.ActiveCfg = Debug|Any CPU
		{16648E93-F026-4ECA-9634-57F7BEC5A237}.Debug|Any CPU.Build.0 = Debug|Any CPU
		{16648E93-F026-4ECA-9634-57F7BEC5A237}.Release|Any CPU.ActiveCfg = Release|Any CPU
		{16648E93-F026-4ECA-9634-57F7BEC5A237}.Release|Any CPU.Build.0 = Release|Any CPU
	EndGlobalSection
	GlobalSection(SolutionProperties) = preSolution
		HideSolutionNode = FALSE
	EndGlobalSection
	GlobalSection(ExtensibilityGlobals) = postSolution
		SolutionGuid = {2959AEA5-146C-47C3-95CC-748EEA3D221D}
	EndGlobalSection
EndGlobal
